
Microsoft Visual Studio Solution File, Format Version 12.00
# Visual Studio Version 16
VisualStudioVersion = 16.0.31402.337
MinimumVisualStudioVersion = 10.0.40219.1
Project("{FAE04EC0-301F-11D3-BF4B-00C04F79EFBC}") = "ProyekUAS2021", "ProyekUAS2021\ProyekUAS2021.csproj", "{F9C8309A-84D0-4B40-A455-7B042D3FA091}"
EndProject
Global
	GlobalSection(SolutionConfigurationPlatforms) = preSolution
		Debug|Any CPU = Debug|Any CPU
		Release|Any CPU = Release|Any CPU
	EndGlobalSection
	GlobalSection(ProjectConfigurationPlatforms) = postSolution
		{F9C8309A-84D0-4B40-A455-7B042D3FA091}.Debug|Any CPU.ActiveCfg = Debug|Any CPU
		{F9C8309A-84D0-4B40-A455-7B042D3FA091}.Debug|Any CPU.Build.0 = Debug|Any CPU
		{F9C8309A-84D0-4B40-A455-7B042D3FA091}.Release|Any CPU.ActiveCfg = Release|Any CPU
		{F9C8309A-84D0-4B40-A455-7B042D3FA091}.Release|Any CPU.Build.0 = Release|Any CPU
	EndGlobalSection
	GlobalSection(SolutionProperties) = preSolution
		HideSolutionNode = FALSE
	EndGlobalSection
	GlobalSection(ExtensibilityGlobals) = postSolution
		SolutionGuid = {5BE6C0D7-B5A0-4896-928D-997CFF4D4750}
	EndGlobalSection
EndGlobal
